
Microsoft Visual Studio Solution File, Format Version 12.00
# Visual Studio Version 17
VisualStudioVersion = 17.4.33103.184
MinimumVisualStudioVersion = 10.0.40219.1
Project("{FAE04EC0-301F-11D3-BF4B-00C04F79EFBC}") = "CrudProduto", "CrudProduto.csproj", "{FDF5876B-1282-423A-85A4-31397D13607E}"
EndProject
Global
	GlobalSection(SolutionConfigurationPlatforms) = preSolution
		Debug|Any CPU = Debug|Any CPU
		Release|Any CPU = Release|Any CPU
	EndGlobalSection
	GlobalSection(ProjectConfigurationPlatforms) = postSolution
		{FDF5876B-1282-423A-85A4-31397D13607E}.Debug|Any CPU.ActiveCfg = Debug|Any CPU
		{FDF5876B-1282-423A-85A4-31397D13607E}.Debug|Any CPU.Build.0 = Debug|Any CPU
		{FDF5876B-1282-423A-85A4-31397D13607E}.Release|Any CPU.ActiveCfg = Release|Any CPU
		{FDF5876B-1282-423A-85A4-31397D13607E}.Release|Any CPU.Build.0 = Release|Any CPU
	EndGlobalSection
	GlobalSection(SolutionProperties) = preSolution
		HideSolutionNode = FALSE
	EndGlobalSection
	GlobalSection(ExtensibilityGlobals) = postSolution
		SolutionGuid = {5977E704-A1A8-41BB-977F-24791377D5D9}
	EndGlobalSection
EndGlobal
